{
  "name": "clientProject",
  "lockfileVersion": 3,
  "requires": true,
  "packages": {
    "": {
      "dependencies": {
        "@google/generative-ai": "^0.24.0",
        "@huggingface/inference": "^3.6.2"
      }
    },
    "node_modules/@google/generative-ai": {
      "version": "0.24.0",
      "resolved": "https://registry.npmjs.org/@google/generative-ai/-/generative-ai-0.24.0.tgz",
      "integrity": "sha512-fnEITCGEB7NdX0BhoYZ/cq/7WPZ1QS5IzJJfC3Tg/OwkvBetMiVJciyaan297OvE4B9Jg1xvo0zIazX/9sGu1Q==",
      "license": "Apache-2.0",
      "engines": {
        "node": ">=18.0.0"
      }
    },
    "node_modules/@huggingface/inference": {
      "version": "3.6.2",
      "resolved": "https://registry.npmjs.org/@huggingface/inference/-/inference-3.6.2.tgz",
      "integrity": "sha512-FkJr8dOP8yFTxGFi+X/ylwG3qoCq/s8WI2A4Jg13RBX3voJWrzadpHLD/99EKZU7r35X4Mm6tKUev7dR2B/cTg==",
      "license": "MIT",
      "dependencies": {
        "@huggingface/jinja": "^0.3.3",
        "@huggingface/tasks": "^0.18.4"
      },
      "engines": {
        "node": ">=18"
      }
    },
    "node_modules/@huggingface/jinja": {
      "version": "0.3.3",
      "resolved": "https://registry.npmjs.org/@huggingface/jinja/-/jinja-0.3.3.tgz",
      "integrity": "sha512-vQQr2JyWvVFba3Lj9es4q9vCl1sAc74fdgnEMoX8qHrXtswap9ge9uO3ONDzQB0cQ0PUyaKY2N6HaVbTBvSXvw==",
      "license": "MIT",
      "engines": {
        "node": ">=18"
      }
    },
    "node_modules/@huggingface/tasks": {
      "version": "0.18.4",
      "resolved": "https://registry.npmjs.org/@huggingface/tasks/-/tasks-0.18.4.tgz",
      "integrity": "sha512-kZ8G2b6JSdVCn48VpmB2Kcb9ae16HmDRf4RWEQJMgbF98DFTt4y69fTcvQ1vi/qALRWL57pDpbzIlwWlVhY3aQ==",
      "license": "MIT"
    }
  }
}
